
Microsoft Visual Studio Solution File, Format Version 12.00
# Visual Studio Version 17
VisualStudioVersion = 17.14.36414.22 d17.14
MinimumVisualStudioVersion = 10.0.40219.1
Project("{FAE04EC0-301F-11D3-BF4B-00C04F79EFBC}") = "Domain", "Domain\Domain.csproj", "{C453B023-B85C-418C-84D9-318CF8C3E270}"
EndProject
Global
	GlobalSection(SolutionConfigurationPlatforms) = preSolution
		Debug|Any CPU = Debug|Any CPU
		Release|Any CPU = Release|Any CPU
	EndGlobalSection
	GlobalSection(ProjectConfigurationPlatforms) = postSolution
		{C453B023-B85C-418C-84D9-318CF8C3E270}.Debug|Any CPU.ActiveCfg = Debug|Any CPU
		{C453B023-B85C-418C-84D9-318CF8C3E270}.Debug|Any CPU.Build.0 = Debug|Any CPU
		{C453B023-B85C-418C-84D9-318CF8C3E270}.Release|Any CPU.ActiveCfg = Release|Any CPU
		{C453B023-B85C-418C-84D9-318CF8C3E270}.Release|Any CPU.Build.0 = Release|Any CPU
	EndGlobalSection
	GlobalSection(SolutionProperties) = preSolution
		HideSolutionNode = FALSE
	EndGlobalSection
	GlobalSection(ExtensibilityGlobals) = postSolution
		SolutionGuid = {0774B322-F058-4739-9E3F-B36A627BA871}
	EndGlobalSection
EndGlobal
